
Microsoft Visual Studio Solution File, Format Version 12.00
Project("{9A19103F-16F7-4668-BE54-9A1E7A4F7556}") = "_build", "build\_build.csproj", "{8A01F6A4-AA1A-42F0-8794-1BC59691C2E8}"
EndProject
Global
	GlobalSection(SolutionConfigurationPlatforms) = preSolution
		Debug|Any CPU = Debug|Any CPU
		Release|Any CPU = Release|Any CPU
	EndGlobalSection
	GlobalSection(ProjectConfigurationPlatforms) = postSolution
		{8A01F6A4-AA1A-42F0-8794-1BC59691C2E8}.Debug|Any CPU.ActiveCfg = Debug|Any CPU
		{8A01F6A4-AA1A-42F0-8794-1BC59691C2E8}.Release|Any CPU.ActiveCfg = Release|Any CPU
	EndGlobalSection
EndGlobal
